{
  "name": "tf-ng-form-components",
  "version": "0.0.1",
  "lockfileVersion": 1,
  "requires": true,
  "dependencies": {
    "@types/node": {
      "version": "13.13.14",
      "resolved": "https://registry.npmjs.org/@types/node/-/node-13.13.14.tgz",
      "integrity": "sha512-Az3QsOt1U/K1pbCQ0TXGELTuTkPLOiFIQf3ILzbOyo0FqgV9SxRnxbxM5QlAveERZMHpZY+7u3Jz2tKyl+yg6g=="
    },
    "promise-polyfill": {
      "version": "8.1.3",
      "resolved": "https://registry.npmjs.org/promise-polyfill/-/promise-polyfill-8.1.3.tgz",
      "integrity": "sha512-MG5r82wBzh7pSKDRa9y+vllNHz3e3d4CNj1PQE4BQYxLme0gKYYBm9YENq+UkEikyZ0XbiGWxYlVw3Rl9O/U8g=="
    },
    "tf-core-components": {
      "version": "0.0.133",
      "resolved": "https://registry.npmjs.org/tf-core-components/-/tf-core-components-0.0.133.tgz",
      "integrity": "sha512-2uRGww4L/b6hLuQrzrGzI3K/+ZPi/8HKXf7segPp6t3MsZTKaxb39VmLFIg32JJWZEfWw60Zx45l+slP8Cq96A==",
      "requires": {
        "@types/node": "^13.13.4",
        "promise-polyfill": "^8.1.3",
        "uniqid": "^5.2.0"
      }
    },
    "uniqid": {
      "version": "5.2.0",
      "resolved": "https://registry.npmjs.org/uniqid/-/uniqid-5.2.0.tgz",
      "integrity": "sha512-LH8zsvwJ/GL6YtNfSOmMCrI9piraAUjBfw2MCvleNE6a4pVKJwXjG2+HWhkVeFcSg+nmaPKbMrMOoxwQluZ1Mg=="
    }
  }
}
